
Microsoft Visual Studio Solution File, Format Version 12.00
# Visual Studio Version 16
VisualStudioVersion = 16.0.31205.134
MinimumVisualStudioVersion = 10.0.40219.1
Project("{FAE04EC0-301F-11D3-BF4B-00C04F79EFBC}") = "DataTable_Template", "DataTable_Template\DataTable_Template.csproj", "{3DA07BB6-E306-449F-9ABE-1E45C770D9CE}"
EndProject
Global
	GlobalSection(SolutionConfigurationPlatforms) = preSolution
		Debug|Any CPU = Debug|Any CPU
		Release|Any CPU = Release|Any CPU
	EndGlobalSection
	GlobalSection(ProjectConfigurationPlatforms) = postSolution
		{3DA07BB6-E306-449F-9ABE-1E45C770D9CE}.Debug|Any CPU.ActiveCfg = Debug|Any CPU
		{3DA07BB6-E306-449F-9ABE-1E45C770D9CE}.Debug|Any CPU.Build.0 = Debug|Any CPU
		{3DA07BB6-E306-449F-9ABE-1E45C770D9CE}.Release|Any CPU.ActiveCfg = Release|Any CPU
		{3DA07BB6-E306-449F-9ABE-1E45C770D9CE}.Release|Any CPU.Build.0 = Release|Any CPU
	EndGlobalSection
	GlobalSection(SolutionProperties) = preSolution
		HideSolutionNode = FALSE
	EndGlobalSection
	GlobalSection(ExtensibilityGlobals) = postSolution
		SolutionGuid = {B7AAF684-5BF3-420E-90A7-695C14FBF440}
	EndGlobalSection
EndGlobal
